// !$*UTF8*$!
{
	archiveVersion = 1;
	classes = {
	};
	objectVersion = 50;
	objects = {

/* Begin PBXBuildFile section */
		4457A6942227CA0200132DEF /* main.m in Sources */ = {isa = PBXBuildFile; fileRef = 4457A6932227CA0200132DEF /* main.m */; };
		44EDF51D2227E43800EDBC4A /* NSObject+PYLProtect.m in Sources */ = {isa = PBXBuildFile; fileRef = 4457A69B2227CA2500132DEF /* NSObject+PYLProtect.m */; };
		44EDF51E2227E43800EDBC4A /* Person.m in Sources */ = {isa = PBXBuildFile; fileRef = 4457A6A72227DD4A00132DEF /* Person.m */; };
		44EDF5212227F3D600EDBC4A /* Boy.m in Sources */ = {isa = PBXBuildFile; fileRef = 44EDF5202227F3D600EDBC4A /* Boy.m */; };
/* End PBXBuildFile section */

/* Begin PBXCopyFilesBuildPhase section */
		4457A68E2227CA0200132DEF /* CopyFiles */ = {
			isa = PBXCopyFilesBuildPhase;
			buildActionMask = 2147483647;
			dstPath = /usr/share/man/man1/;
			dstSubfolderSpec = 0;
			files = (
			);
			runOnlyForDeploymentPostprocessing = 1;
		};
/* End PBXCopyFilesBuildPhase section */

/* Begin PBXFileReference section */
		4457A6902227CA0200132DEF /* PYLProtect */ = {isa = PBXFileReference; explicitFileType = "compiled.mach-o.executable"; includeInIndex = 0; path = PYLProtect; sourceTree = BUILT_PRODUCTS_DIR; };
		4457A6932227CA0200132DEF /* main.m */ = {isa = PBXFileReference; lastKnownFileType = sourcecode.c.objc; path = main.m; sourceTree = "<group>"; };
		4457A69A2227CA2500132DEF /* NSObject+PYLProtect.h */ = {isa = PBXFileReference; lastKnownFileType = sourcecode.c.h; path = "NSObject+PYLProtect.h"; sourceTree = "<group>"; };
		4457A69B2227CA2500132DEF /* NSObject+PYLProtect.m */ = {isa = PBXFileReference; lastKnownFileType = sourcecode.c.objc; path = "NSObject+PYLProtect.m"; sourceTree = "<group>"; };
		4457A6A62227DD4A00132DEF /* Person.h */ = {isa = PBXFileReference; lastKnownFileType = sourcecode.c.h; path = Person.h; sourceTree = "<group>"; };
		4457A6A72227DD4A00132DEF /* Person.m */ = {isa = PBXFileReference; lastKnownFileType = sourcecode.c.objc; path = Person.m; sourceTree = "<group>"; };
		44EDF51F2227F3D600EDBC4A /* Boy.h */ = {isa = PBXFileReference; lastKnownFileType = sourcecode.c.h; path = Boy.h; sourceTree = "<group>"; };
		44EDF5202227F3D600EDBC4A /* Boy.m */ = {isa = PBXFileReference; lastKnownFileType = sourcecode.c.objc; path = Boy.m; sourceTree = "<group>"; };
/* End PBXFileReference section */

/* Begin PBXFrameworksBuildPhase section */
		4457A68D2227CA0200132DEF /* Frameworks */ = {
			isa = PBXFrameworksBuildPhase;
			buildActionMask = 2147483647;
			files = (
			);
			runOnlyForDeploymentPostprocessing = 0;
		};
/* End PBXFrameworksBuildPhase section */

/* Begin PBXGroup section */
		4457A6872227CA0200132DEF = {
			isa = PBXGroup;
			children = (
				4457A6922227CA0200132DEF /* PYLProtect */,
				4457A6912227CA0200132DEF /* Products */,
			);
			sourceTree = "<group>";
		};
		4457A6912227CA0200132DEF /* Products */ = {
			isa = PBXGroup;
			children = (
				4457A6902227CA0200132DEF /* PYLProtect */,
			);
			name = Products;
			sourceTree = "<group>";
		};
		4457A6922227CA0200132DEF /* PYLProtect */ = {
			isa = PBXGroup;
			children = (
				4457A6932227CA0200132DEF /* main.m */,
				4457A69A2227CA2500132DEF /* NSObject+PYLProtect.h */,
				4457A69B2227CA2500132DEF /* NSObject+PYLProtect.m */,
				4457A6A62227DD4A00132DEF /* Person.h */,
				4457A6A72227DD4A00132DEF /* Person.m */,
				44EDF51F2227F3D600EDBC4A /* Boy.h */,
				44EDF5202227F3D600EDBC4A /* Boy.m */,
			);
			path = PYLProtect;
			sourceTree = "<group>";
		};
/* End PBXGroup section */

/* Begin PBXNativeTarget section */
		4457A68F2227CA0200132DEF /* PYLProtect */ = {
			isa = PBXNativeTarget;
			buildConfigurationList = 4457A6972227CA0200132DEF /* Build configuration list for PBXNativeTarget "PYLProtect" */;
			buildPhases = (
				4457A68C2227CA0200132DEF /* Sources */,
				4457A68D2227CA0200132DEF /* Frameworks */,
				4457A68E2227CA0200132DEF /* CopyFiles */,
			);
			buildRules = (
			);
			dependencies = (
			);
			name = PYLProtect;
			productName = PYLProtect;
			productReference = 4457A6902227CA0200132DEF /* PYLProtect */;
			productType = "com.apple.product-type.tool";
		};
/* End PBXNativeTarget section */

/* Begin PBXProject section */
		4457A6882227CA0200132DEF /* Project object */ = {
			isa = PBXProject;
			attributes = {
				LastUpgradeCheck = 1010;
				ORGANIZATIONNAME = pangyulei;
				TargetAttributes = {
					4457A68F2227CA0200132DEF = {
						CreatedOnToolsVersion = 10.1;
					};
				};
			};
			buildConfigurationList = 4457A68B2227CA0200132DEF /* Build configuration list for PBXProject "PYLProtect" */;
			compatibilityVersion = "Xcode 9.3";
			developmentRegion = en;
			hasScannedForEncodings = 0;
			knownRegions = (
				en,
				Base,
			);
			mainGroup = 4457A6872227CA0200132DEF;
			productRefGroup = 4457A6912227CA0200132DEF /* Products */;
			projectDirPath = "";
			projectRoot = "";
			targets = (
				4457A68F2227CA0200132DEF /* PYLProtect */,
			);
		};
/* End PBXProject section */

/* Begin PBXSourcesBuildPhase section */
		4457A68C2227CA0200132DEF /* Sources */ = {
			isa = PBXSourcesBuildPhase;
			buildActionMask = 2147483647;
			files = (
				44EDF51E2227E43800EDBC4A /* Person.m in Sources */,
				4457A6942227CA0200132DEF /* main.m in Sources */,
				44EDF5212227F3D600EDBC4A /* Boy.m in Sources */,
				44EDF51D2227E43800EDBC4A /* NSObject+PYLProtect.m in Sources */,
			);
			runOnlyForDeploymentPostprocessing = 0;
		};
/* End PBXSourcesBuildPhase section */

/* Begin XCBuildConfiguration section */
		4457A6952227CA0200132DEF /* Debug */ = {
			isa = XCBuildConfiguration;
			buildSettings = {
				ALWAYS_SEARCH_USER_PATHS = NO;
				CLANG_ANALYZER_NONNULL = YES;
				CLANG_ANALYZER_NUMBER_OBJECT_CONVERSION = YES_AGGRESSIVE;
				CLANG_CXX_LANGUAGE_STANDARD = "gnu++14";
				CLANG_CXX_LIBRARY = "libc++";
				CLANG_ENABLE_MODULES = YES;
				CLANG_ENABLE_OBJC_ARC = YES;
				CLANG_ENABLE_OBJC_WEAK = YES;
				CLANG_WARN_BLOCK_CAPTURE_AUTORELEASING = YES;
				CLANG_WARN_BOOL_CONVERSION = YES;
				CLANG_WARN_COMMA = YES;
				CLANG_WARN_CONSTANT_CONVERSION = YES;
				CLANG_WARN_DEPRECATED_OBJC_IMPLEMENTATIONS = YES;
				CLANG_WARN_DIRECT_OBJC_ISA_USAGE = YES_ERROR;
				CLANG_WARN_DOCUMENTATION_COMMENTS = YES;
				CLANG_WARN_EMPTY_BODY = YES;
				CLANG_WARN_ENUM_CONVERSION = YES;
				CLANG_WARN_INFINITE_RECURSION = YES;
				CLANG_WARN_INT_CONVERSION = YES;
				CLANG_WARN_NON_LITERAL_NULL_CONVERSION = YES;
				CLANG_WARN_OBJC_IMPLICIT_RETAIN_SELF = YES;
				CLANG_WARN_OBJC_LITERAL_CONVERSION = YES;
				CLANG_WARN_OBJC_ROOT_CLASS = YES_ERROR;
				CLANG_WARN_RANGE_LOOP_ANALYSIS = YES;
				CLANG_WARN_STRICT_PROTOTYPES = YES;
				CLANG_WARN_SUSPICIOUS_MOVE = YES;
				CLANG_WARN_UNGUARDED_AVAILABILITY = YES_AGGRESSIVE;
				CLANG_WARN_UNREACHABLE_CODE = YES;
				CLANG_WARN__DUPLICATE_METHOD_MATCH = YES;
				CODE_SIGN_IDENTITY = "Mac Developer";
				COPY_PHASE_STRIP = NO;
				DEBUG_INFORMATION_FORMAT = dwarf;
				ENABLE_STRICT_OBJC_MSGSEND = YES;
				ENABLE_TESTABILITY = YES;
				GCC_C_LANGUAGE_STANDARD = gnu11;
				GCC_DYNAMIC_NO_PIC = NO;
				GCC_NO_COMMON_BLOCKS = YES;
				GCC_OPTIMIZATION_LEVEL = 0;
				GCC_PREPROCESSOR_DEFINITIONS = (
					"DEBUG=1",
					"$(inherited)",
				);
				GCC_WARN_64_TO_32_BIT_CONVERSION = YES;
				GCC_WARN_ABOUT_RETURN_TYPE = YES_ERROR;
				GCC_WARN_UNDECLARED_SELECTOR = YES;
				GCC_WARN_UNINITIALIZED_AUTOS = YES_AGGRESSIVE;
				GCC_WARN_UNUSED_FUNCTION = YES;
				GCC_WARN_UNUSED_VARIABLE = YES;
				MACOSX_DEPLOYMENT_TARGET = 10.14;
				MTL_ENABLE_DEBUG_INFO = INCLUDE_SOURCE;
				MTL_FAST_MATH = YES;
				ONLY_ACTIVE_ARCH = YES;
				SDKROOT = macosx;
			};
			name = Debug;
		};
		4457A6962227CA0200132DEF /* Release */ = {
			isa = XCBuildConfiguration;
			buildSettings = {
				ALWAYS_SEARCH_USER_PATHS = NO;
				CLANG_ANALYZER_NONNULL = YES;
				CLANG_ANALYZER_NUMBER_OBJECT_CONVERSION = YES_AGGRESSIVE;
				CLANG_CXX_LANGUAGE_STANDARD = "gnu++14";
				CLANG_CXX_LIBRARY = "libc++";
				CLANG_ENABLE_MODULES = YES;
				CLANG_ENABLE_OBJC_ARC = YES;
				CLANG_ENABLE_OBJC_WEAK = YES;
				CLANG_WARN_BLOCK_CAPTURE_AUTORELEASING = YES;
				CLANG_WARN_BOOL_CONVERSION = YES;
				CLANG_WARN_COMMA = YES;
				CLANG_WARN_CONSTANT_CONVERSION = YES;
				CLANG_WARN_DEPRECATED_OBJC_IMPLEMENTATIONS = YES;
				CLANG_WARN_DIRECT_OBJC_ISA_USAGE = YES_ERROR;
				CLANG_WARN_DOCUMENTATION_COMMENTS = YES;
				CLANG_WARN_EMPTY_BODY = YES;
				CLANG_WARN_ENUM_CONVERSION = YES;
				CLANG_WARN_INFINITE_RECURSION = YES;
				CLANG_WARN_INT_CONVERSION = YES;
				CLANG_WARN_NON_LITERAL_NULL_CONVERSION = YES;
				CLANG_WARN_OBJC_IMPLICIT_RETAIN_SELF = YES;
				CLANG_WARN_OBJC_LITERAL_CONVERSION = YES;
				CLANG_WARN_OBJC_ROOT_CLASS = YES_ERROR;
				CLANG_WARN_RANGE_LOOP_ANALYSIS = YES;
				CLANG_WARN_STRICT_PROTOTYPES = YES;
				CLANG_WARN_SUSPICIOUS_MOVE = YES;
				CLANG_WARN_UNGUARDED_AVAILABILITY = YES_AGGRESSIVE;
				CLANG_WARN_UNREACHABLE_CODE = YES;
				CLANG_WARN__DUPLICATE_METHOD_MATCH = YES;
				CODE_SIGN_IDENTITY = "Mac Developer";
				COPY_PHASE_STRIP = NO;
				DEBUG_INFORMATION_FORMAT = "dwarf-with-dsym";
				ENABLE_NS_ASSERTIONS = NO;
				ENABLE_STRICT_OBJC_MSGSEND = YES;
				GCC_C_LANGUAGE_STANDARD = gnu11;
				GCC_NO_COMMON_BLOCKS = YES;
				GCC_WARN_64_TO_32_BIT_CONVERSION = YES;
				GCC_WARN_ABOUT_RETURN_TYPE = YES_ERROR;
				GCC_WARN_UNDECLARED_SELECTOR = YES;
				GCC_WARN_UNINITIALIZED_AUTOS = YES_AGGRESSIVE;
				GCC_WARN_UNUSED_FUNCTION = YES;
				GCC_WARN_UNUSED_VARIABLE = YES;
				MACOSX_DEPLOYMENT_TARGET = 10.14;
				MTL_ENABLE_DEBUG_INFO = NO;
				MTL_FAST_MATH = YES;
				SDKROOT = macosx;
			};
			name = Release;
		};
		4457A6982227CA0200132DEF /* Debug */ = {
			isa = XCBuildConfiguration;
			buildSettings = {
				CODE_SIGN_STYLE = Automatic;
				DEVELOPMENT_TEAM = 8YWGSV4T24;
				PRODUCT_NAME = "$(TARGET_NAME)";
			};
			name = Debug;
		};
		4457A6992227CA0200132DEF /* Release */ = {
			isa = XCBuildConfiguration;
			buildSettings = {
				CODE_SIGN_STYLE = Automatic;
				DEVELOPMENT_TEAM = 8YWGSV4T24;
				PRODUCT_NAME = "$(TARGET_NAME)";
			};
			name = Release;
		};
/* End XCBuildConfiguration section */

/* Begin XCConfigurationList section */
		4457A68B2227CA0200132DEF /* Build configuration list for PBXProject "PYLProtect" */ = {
			isa = XCConfigurationList;
			buildConfigurations = (
				4457A6952227CA0200132DEF /* Debug */,
				4457A6962227CA0200132DEF /* Release */,
			);
			defaultConfigurationIsVisible = 0;
			defaultConfigurationName = Release;
		};
		4457A6972227CA0200132DEF /* Build configuration list for PBXNativeTarget "PYLProtect" */ = {
			isa = XCConfigurationList;
			buildConfigurations = (
				4457A6982227CA0200132DEF /* Debug */,
				4457A6992227CA0200132DEF /* Release */,
			);
			defaultConfigurationIsVisible = 0;
			defaultConfigurationName = Release;
		};
/* End XCConfigurationList section */
	};
	rootObject = 4457A6882227CA0200132DEF /* Project object */;
}
